github.com/JitenPalaparthi/golang-training-shapes v0.0.0-20260514033248-3fe6820b93f5 h1:hpPCeKnUfzM3Rjqvkp97XvkYV7Wo1UJFBCplDd8SyuE=
github.com/JitenPalaparthi/golang-training-shapes v0.0.0-20260514033248-3fe6820b93f5/go.mod h1:/XmHUcg1/9KDd37EhsvxQAasADRyU1dd/2F1XN8y2uU=
github.com/JitenPalaparthi/golang-training-shapes v0.0.0-20260514033930-47f675d46b0a h1:ZZn8TqxIfJqKQuyf+GM/fcB+QEzGwTRg0y78mtSEiFI=
github.com/JitenPalaparthi/golang-training-shapes v0.0.0-20260514033930-47f675d46b0a/go.mod h1:/XmHUcg1/9KDd37EhsvxQAasADRyU1dd/2F1XN8y2uU=
